
Microsoft Visual Studio Solution File, Format Version 12.00
# Visual Studio Version 17
VisualStudioVersion = 17.7.34031.279
MinimumVisualStudioVersion = 10.0.40219.1
Project("{FAE04EC0-301F-11D3-BF4B-00C04F79EFBC}") = "Tetris", "Tetris\Tetris.csproj", "{48EE1661-DF73-494C-BD6D-816B0D0348FF}"
EndProject
Global
	GlobalSection(SolutionConfigurationPlatforms) = preSolution
		Debug|Any CPU = Debug|Any CPU
		Release|Any CPU = Release|Any CPU
	EndGlobalSection
	GlobalSection(ProjectConfigurationPlatforms) = postSolution
		{48EE1661-DF73-494C-BD6D-816B0D0348FF}.Debug|Any CPU.ActiveCfg = Debug|Any CPU
		{48EE1661-DF73-494C-BD6D-816B0D0348FF}.Debug|Any CPU.Build.0 = Debug|Any CPU
		{48EE1661-DF73-494C-BD6D-816B0D0348FF}.Release|Any CPU.ActiveCfg = Release|Any CPU
		{48EE1661-DF73-494C-BD6D-816B0D0348FF}.Release|Any CPU.Build.0 = Release|Any CPU
	EndGlobalSection
	GlobalSection(SolutionProperties) = preSolution
		HideSolutionNode = FALSE
	EndGlobalSection
	GlobalSection(ExtensibilityGlobals) = postSolution
		SolutionGuid = {ADEC26ED-CA3C-4859-983F-3B804850AD99}
	EndGlobalSection
EndGlobal
